
Microsoft Visual Studio Solution File, Format Version 12.00
# Visual Studio Version 17
VisualStudioVersion = 17.7.34003.232
MinimumVisualStudioVersion = 10.0.40219.1
Project("{9A19103F-16F7-4668-BE54-9A1E7A4F7556}") = "FIFA.Shared", "FIFA.Shared\FIFA.Shared.csproj", "{489B045B-EFE5-4D61-B06E-050CE11E403C}"
EndProject
Project("{9A19103F-16F7-4668-BE54-9A1E7A4F7556}") = "FIFA.API", "FIFA.API\FIFA.API.csproj", "{75180E35-2F55-4CBD-9550-92AB92E1138B}"
EndProject
Project("{9A19103F-16F7-4668-BE54-9A1E7A4F7556}") = "FIFA.WEB", "FIFA.WEB\FIFA.WEB.csproj", "{80BD121D-09CB-4449-921D-936DD9C17457}"
EndProject
Global
	GlobalSection(SolutionConfigurationPlatforms) = preSolution
		Debug|Any CPU = Debug|Any CPU
		Release|Any CPU = Release|Any CPU
	EndGlobalSection
	GlobalSection(ProjectConfigurationPlatforms) = postSolution
		{489B045B-EFE5-4D61-B06E-050CE11E403C}.Debug|Any CPU.ActiveCfg = Debug|Any CPU
		{489B045B-EFE5-4D61-B06E-050CE11E403C}.Debug|Any CPU.Build.0 = Debug|Any CPU
		{489B045B-EFE5-4D61-B06E-050CE11E403C}.Release|Any CPU.ActiveCfg = Release|Any CPU
		{489B045B-EFE5-4D61-B06E-050CE11E403C}.Release|Any CPU.Build.0 = Release|Any CPU
		{75180E35-2F55-4CBD-9550-92AB92E1138B}.Debug|Any CPU.ActiveCfg = Debug|Any CPU
		{75180E35-2F55-4CBD-9550-92AB92E1138B}.Debug|Any CPU.Build.0 = Debug|Any CPU
		{75180E35-2F55-4CBD-9550-92AB92E1138B}.Release|Any CPU.ActiveCfg = Release|Any CPU
		{75180E35-2F55-4CBD-9550-92AB92E1138B}.Release|Any CPU.Build.0 = Release|Any CPU
		{80BD121D-09CB-4449-921D-936DD9C17457}.Debug|Any CPU.ActiveCfg = Debug|Any CPU
		{80BD121D-09CB-4449-921D-936DD9C17457}.Debug|Any CPU.Build.0 = Debug|Any CPU
		{80BD121D-09CB-4449-921D-936DD9C17457}.Release|Any CPU.ActiveCfg = Release|Any CPU
		{80BD121D-09CB-4449-921D-936DD9C17457}.Release|Any CPU.Build.0 = Release|Any CPU
	EndGlobalSection
	GlobalSection(SolutionProperties) = preSolution
		HideSolutionNode = FALSE
	EndGlobalSection
	GlobalSection(ExtensibilityGlobals) = postSolution
		SolutionGuid = {47BF8325-79F4-402C-A81F-A6A354C70AD0}
	EndGlobalSection
EndGlobal
